
Microsoft Visual Studio Solution File, Format Version 12.00
# Visual Studio Version 17
VisualStudioVersion = 17.0.31919.166
MinimumVisualStudioVersion = 10.0.40219.1
Project("{8BC9CEB8-8B4A-11D0-8D11-00A0C91BC942}") = "Two Pointers", "Two Pointers\Two Pointers.vcxproj", "{EC57C1BB-B66D-4896-B3A9-5FDB381E8B96}"
EndProject
Project("{8BC9CEB8-8B4A-11D0-8D11-00A0C91BC942}") = "Sliding Window", "Sliding Window\Sliding Window.vcxproj", "{2EE6505C-D17C-4051-AB2E-05009F9577BA}"
EndProject
Project("{8BC9CEB8-8B4A-11D0-8D11-00A0C91BC942}") = "Fast and Slow pointers", "Fast and Slow pointers\Fast and Slow pointers.vcxproj", "{D1178ED8-20A5-4FBF-849F-A088FA5B7097}"
EndProject
Project("{8BC9CEB8-8B4A-11D0-8D11-00A0C91BC942}") = "Cyclic Sort", "Cyclic Sort\Cyclic Sort.vcxproj", "{1F7EF64C-A06D-4C2B-A090-F599156D66AE}"
EndProject
Project("{8BC9CEB8-8B4A-11D0-8D11-00A0C91BC942}") = "In-place Reversal of a LL", "In-place Reversal of a LL\In-place Reversal of a LL.vcxproj", "{88F37D83-8AE9-4279-85B4-BBC7CA864270}"
EndProject
Global
	GlobalSection(SolutionConfigurationPlatforms) = preSolution
		Debug|x64 = Debug|x64
		Debug|x86 = Debug|x86
		Release|x64 = Release|x64
		Release|x86 = Release|x86
	EndGlobalSection
	GlobalSection(ProjectConfigurationPlatforms) = postSolution
		{EC57C1BB-B66D-4896-B3A9-5FDB381E8B96}.Debug|x64.ActiveCfg = Debug|x64
		{EC57C1BB-B66D-4896-B3A9-5FDB381E8B96}.Debug|x64.Build.0 = Debug|x64
		{EC57C1BB-B66D-4896-B3A9-5FDB381E8B96}.Debug|x86.ActiveCfg = Debug|Win32
		{EC57C1BB-B66D-4896-B3A9-5FDB381E8B96}.Debug|x86.Build.0 = Debug|Win32
		{EC57C1BB-B66D-4896-B3A9-5FDB381E8B96}.Release|x64.ActiveCfg = Release|x64
		{EC57C1BB-B66D-4896-B3A9-5FDB381E8B96}.Release|x64.Build.0 = Release|x64
		{EC57C1BB-B66D-4896-B3A9-5FDB381E8B96}.Release|x86.ActiveCfg = Release|Win32
		{EC57C1BB-B66D-4896-B3A9-5FDB381E8B96}.Release|x86.Build.0 = Release|Win32
		{2EE6505C-D17C-4051-AB2E-05009F9577BA}.Debug|x64.ActiveCfg = Debug|x64
		{2EE6505C-D17C-4051-AB2E-05009F9577BA}.Debug|x64.Build.0 = Debug|x64
		{2EE6505C-D17C-4051-AB2E-05009F9577BA}.Debug|x86.ActiveCfg = Debug|Win32
		{2EE6505C-D17C-4051-AB2E-05009F9577BA}.Debug|x86.Build.0 = Debug|Win32
		{2EE6505C-D17C-4051-AB2E-05009F9577BA}.Release|x64.ActiveCfg = Release|x64
		{2EE6505C-D17C-4051-AB2E-05009F9577BA}.Release|x64.Build.0 = Release|x64
		{2EE6505C-D17C-4051-AB2E-05009F9577BA}.Release|x86.ActiveCfg = Release|Win32
		{2EE6505C-D17C-4051-AB2E-05009F9577BA}.Release|x86.Build.0 = Release|Win32
		{D1178ED8-20A5-4FBF-849F-A088FA5B7097}.Debug|x64.ActiveCfg = Debug|x64
		{D1178ED8-20A5-4FBF-849F-A088FA5B7097}.Debug|x64.Build.0 = Debug|x64
		{D1178ED8-20A5-4FBF-849F-A088FA5B7097}.Debug|x86.ActiveCfg = Debug|Win32
		{D1178ED8-20A5-4FBF-849F-A088FA5B7097}.Debug|x86.Build.0 = Debug|Win32
		{D1178ED8-20A5-4FBF-849F-A088FA5B7097}.Release|x64.ActiveCfg = Release|x64
		{D1178ED8-20A5-4FBF-849F-A088FA5B7097}.Release|x64.Build.0 = Release|x64
		{D1178ED8-20A5-4FBF-849F-A088FA5B7097}.Release|x86.ActiveCfg = Release|Win32
		{D1178ED8-20A5-4FBF-849F-A088FA5B7097}.Release|x86.Build.0 = Release|Win32
		{1F7EF64C-A06D-4C2B-A090-F599156D66AE}.Debug|x64.ActiveCfg = Debug|x64
		{1F7EF64C-A06D-4C2B-A090-F599156D66AE}.Debug|x64.Build.0 = Debug|x64
		{1F7EF64C-A06D-4C2B-A090-F599156D66AE}.Debug|x86.ActiveCfg = Debug|Win32
		{1F7EF64C-A06D-4C2B-A090-F599156D66AE}.Debug|x86.Build.0 = Debug|Win32
		{1F7EF64C-A06D-4C2B-A090-F599156D66AE}.Release|x64.ActiveCfg = Release|x64
		{1F7EF64C-A06D-4C2B-A090-F599156D66AE}.Release|x64.Build.0 = Release|x64
		{1F7EF64C-A06D-4C2B-A090-F599156D66AE}.Release|x86.ActiveCfg = Release|Win32
		{1F7EF64C-A06D-4C2B-A090-F599156D66AE}.Release|x86.Build.0 = Release|Win32
		{88F37D83-8AE9-4279-85B4-BBC7CA864270}.Debug|x64.ActiveCfg = Debug|x64
		{88F37D83-8AE9-4279-85B4-BBC7CA864270}.Debug|x64.Build.0 = Debug|x64
		{88F37D83-8AE9-4279-85B4-BBC7CA864270}.Debug|x86.ActiveCfg = Debug|Win32
		{88F37D83-8AE9-4279-85B4-BBC7CA864270}.Debug|x86.Build.0 = Debug|Win32
		{88F37D83-8AE9-4279-85B4-BBC7CA864270}.Release|x64.ActiveCfg = Release|x64
		{88F37D83-8AE9-4279-85B4-BBC7CA864270}.Release|x64.Build.0 = Release|x64
		{88F37D83-8AE9-4279-85B4-BBC7CA864270}.Release|x86.ActiveCfg = Release|Win32
		{88F37D83-8AE9-4279-85B4-BBC7CA864270}.Release|x86.Build.0 = Release|Win32
	EndGlobalSection
	GlobalSection(SolutionProperties) = preSolution
		HideSolutionNode = FALSE
	EndGlobalSection
	GlobalSection(ExtensibilityGlobals) = postSolution
		SolutionGuid = {990195DB-BA34-43BD-A89C-A147E85DEE4F}
	EndGlobalSection
EndGlobal
